{
  "name": "@spoonconsulting/cordova-plugin-simple-camera-preview",
  "version": "2.0.20",
  "lockfileVersion": 2,
  "requires": true,
  "packages": {
    "": {
      "name": "@spoonconsulting/cordova-plugin-simple-camera-preview",
      "version": "2.0.20",
      "license": "Apache 2.0",
      "devDependencies": {}
    }
  }
}
